
Microsoft Visual Studio Solution File, Format Version 12.00
# Visual Studio Version 16
VisualStudioVersion = 16.0.31515.178
MinimumVisualStudioVersion = 10.0.40219.1
Project("{F14B399A-7131-4C87-9E4B-1186C45EF12D}") = "Tutorial", "Tutorial\Tutorial.rptproj", "{44EA59D0-EDEC-4D0B-93EF-6F6AAB08D41C}"
EndProject
Project("{778DAE3C-4631-46EA-AA77-85C1314464D9}") = "EAN13VB", "EAN13VB\EAN13VB.vbproj", "{F62E7ADD-7C3F-4D21-8EAD-2C189908BBE7}"
EndProject
Project("{00D1A9C2-B5F0-4AF3-8072-F6C62B433612}") = "Production", "Production\Production.sqlproj", "{557EB5BC-3C57-46D1-A081-297A0F36D586}"
EndProject
Global
	GlobalSection(SolutionConfigurationPlatforms) = preSolution
		Debug|Any CPU = Debug|Any CPU
		DebugLocal|Any CPU = DebugLocal|Any CPU
		Release|Any CPU = Release|Any CPU
	EndGlobalSection
	GlobalSection(ProjectConfigurationPlatforms) = postSolution
		{44EA59D0-EDEC-4D0B-93EF-6F6AAB08D41C}.Debug|Any CPU.ActiveCfg = Debug
		{44EA59D0-EDEC-4D0B-93EF-6F6AAB08D41C}.Debug|Any CPU.Build.0 = Debug
		{44EA59D0-EDEC-4D0B-93EF-6F6AAB08D41C}.Debug|Any CPU.Deploy.0 = Debug
		{44EA59D0-EDEC-4D0B-93EF-6F6AAB08D41C}.DebugLocal|Any CPU.ActiveCfg = DebugLocal
		{44EA59D0-EDEC-4D0B-93EF-6F6AAB08D41C}.DebugLocal|Any CPU.Build.0 = DebugLocal
		{44EA59D0-EDEC-4D0B-93EF-6F6AAB08D41C}.DebugLocal|Any CPU.Deploy.0 = DebugLocal
		{44EA59D0-EDEC-4D0B-93EF-6F6AAB08D41C}.Release|Any CPU.ActiveCfg = Release
		{44EA59D0-EDEC-4D0B-93EF-6F6AAB08D41C}.Release|Any CPU.Build.0 = Release
		{44EA59D0-EDEC-4D0B-93EF-6F6AAB08D41C}.Release|Any CPU.Deploy.0 = Release
		{F62E7ADD-7C3F-4D21-8EAD-2C189908BBE7}.Debug|Any CPU.ActiveCfg = Debug|Any CPU
		{F62E7ADD-7C3F-4D21-8EAD-2C189908BBE7}.Debug|Any CPU.Build.0 = Debug|Any CPU
		{F62E7ADD-7C3F-4D21-8EAD-2C189908BBE7}.DebugLocal|Any CPU.ActiveCfg = Debug|Any CPU
		{F62E7ADD-7C3F-4D21-8EAD-2C189908BBE7}.DebugLocal|Any CPU.Build.0 = Debug|Any CPU
		{F62E7ADD-7C3F-4D21-8EAD-2C189908BBE7}.Release|Any CPU.ActiveCfg = Release|Any CPU
		{F62E7ADD-7C3F-4D21-8EAD-2C189908BBE7}.Release|Any CPU.Build.0 = Release|Any CPU
		{557EB5BC-3C57-46D1-A081-297A0F36D586}.Debug|Any CPU.ActiveCfg = Debug|Any CPU
		{557EB5BC-3C57-46D1-A081-297A0F36D586}.Debug|Any CPU.Build.0 = Debug|Any CPU
		{557EB5BC-3C57-46D1-A081-297A0F36D586}.Debug|Any CPU.Deploy.0 = Debug|Any CPU
		{557EB5BC-3C57-46D1-A081-297A0F36D586}.DebugLocal|Any CPU.ActiveCfg = Debug|Any CPU
		{557EB5BC-3C57-46D1-A081-297A0F36D586}.DebugLocal|Any CPU.Build.0 = Debug|Any CPU
		{557EB5BC-3C57-46D1-A081-297A0F36D586}.DebugLocal|Any CPU.Deploy.0 = Debug|Any CPU
		{557EB5BC-3C57-46D1-A081-297A0F36D586}.Release|Any CPU.ActiveCfg = Release|Any CPU
		{557EB5BC-3C57-46D1-A081-297A0F36D586}.Release|Any CPU.Build.0 = Release|Any CPU
		{557EB5BC-3C57-46D1-A081-297A0F36D586}.Release|Any CPU.Deploy.0 = Release|Any CPU
	EndGlobalSection
	GlobalSection(SolutionProperties) = preSolution
		HideSolutionNode = FALSE
	EndGlobalSection
	GlobalSection(ExtensibilityGlobals) = postSolution
		SolutionGuid = {4CE3234F-6FD1-4506-A93C-F8EC44435445}
	EndGlobalSection
EndGlobal
